// !$*UTF8*$!
{
	archiveVersion = 1;
	classes = {
	};
	objectVersion = 51;
	objects = {

/* Begin PBXBuildFile section */
		9111E0BC23F209D400CE4C29 /* TutorialViewController.swift in Sources */ = {isa = PBXBuildFile; fileRef = 9111E0BB23F209D400CE4C29 /* TutorialViewController.swift */; };
		9111E0C223F20A9800CE4C29 /* PageViewController.swift in Sources */ = {isa = PBXBuildFile; fileRef = 9111E0C123F20A9800CE4C29 /* PageViewController.swift */; };
		912BACFF23F1D39B009522FF /* DailyForecastTableViewCell.swift in Sources */ = {isa = PBXBuildFile; fileRef = 912BACFE23F1D39B009522FF /* DailyForecastTableViewCell.swift */; };
		912BAD0123F1D918009522FF /* DailyForecastCellModel.swift in Sources */ = {isa = PBXBuildFile; fileRef = 912BAD0023F1D918009522FF /* DailyForecastCellModel.swift */; };
		914F1B5123EB0B7B00AAA0AE /* Forescast.swift in Sources */ = {isa = PBXBuildFile; fileRef = 914F1B5023EB0B7B00AAA0AE /* Forescast.swift */; };
		914F1B5323EB0BEB00AAA0AE /* ForecastProvider.swift in Sources */ = {isa = PBXBuildFile; fileRef = 914F1B5223EB0BEB00AAA0AE /* ForecastProvider.swift */; };
		91828C8D23EB378D00C32234 /* UIViewController + Storyboard.swift in Sources */ = {isa = PBXBuildFile; fileRef = 91828C8C23EB378D00C32234 /* UIViewController + Storyboard.swift */; };
		918F305323E9A9760024605E /* API.swift in Sources */ = {isa = PBXBuildFile; fileRef = 918F305223E9A9760024605E /* API.swift */; };
		91DD5D3923EA157D00DB2E7D /* LocationService.swift in Sources */ = {isa = PBXBuildFile; fileRef = 91DD5D3823EA157D00DB2E7D /* LocationService.swift */; };
		91FCD0E923E87E3B00ED18C8 /* AppDelegate.swift in Sources */ = {isa = PBXBuildFile; fileRef = 91FCD0E823E87E3B00ED18C8 /* AppDelegate.swift */; };
		91FCD0ED23E87E3B00ED18C8 /* WeatherViewController.swift in Sources */ = {isa = PBXBuildFile; fileRef = 91FCD0EC23E87E3B00ED18C8 /* WeatherViewController.swift */; };
		91FCD0F023E87E3B00ED18C8 /* Main.storyboard in Resources */ = {isa = PBXBuildFile; fileRef = 91FCD0EE23E87E3B00ED18C8 /* Main.storyboard */; };
		91FCD0F223E87E3C00ED18C8 /* Assets.xcassets in Resources */ = {isa = PBXBuildFile; fileRef = 91FCD0F123E87E3C00ED18C8 /* Assets.xcassets */; };
		91FCD0F523E87E3C00ED18C8 /* LaunchScreen.storyboard in Resources */ = {isa = PBXBuildFile; fileRef = 91FCD0F323E87E3C00ED18C8 /* LaunchScreen.storyboard */; };
		F3D477D693F5ED180F1A15BC /* Pods_weather.framework in Frameworks */ = {isa = PBXBuildFile; fileRef = 615342A056C0658185C0CA7F /* Pods_weather.framework */; };
/* End PBXBuildFile section */

/* Begin PBXFileReference section */
		1D114CB02F21CE8F54226F97 /* Pods-weather.release.xcconfig */ = {isa = PBXFileReference; includeInIndex = 1; lastKnownFileType = text.xcconfig; name = "Pods-weather.release.xcconfig"; path = "Target Support Files/Pods-weather/Pods-weather.release.xcconfig"; sourceTree = "<group>"; };
		615342A056C0658185C0CA7F /* Pods_weather.framework */ = {isa = PBXFileReference; explicitFileType = wrapper.framework; includeInIndex = 0; path = Pods_weather.framework; sourceTree = BUILT_PRODUCTS_DIR; };
		9111E0BB23F209D400CE4C29 /* TutorialViewController.swift */ = {isa = PBXFileReference; lastKnownFileType = sourcecode.swift; path = TutorialViewController.swift; sourceTree = "<group>"; };
		9111E0C123F20A9800CE4C29 /* PageViewController.swift */ = {isa = PBXFileReference; lastKnownFileType = sourcecode.swift; path = PageViewController.swift; sourceTree = "<group>"; };
		912BACFE23F1D39B009522FF /* DailyForecastTableViewCell.swift */ = {isa = PBXFileReference; lastKnownFileType = sourcecode.swift; path = DailyForecastTableViewCell.swift; sourceTree = "<group>"; };
		912BAD0023F1D918009522FF /* DailyForecastCellModel.swift */ = {isa = PBXFileReference; lastKnownFileType = sourcecode.swift; path = DailyForecastCellModel.swift; sourceTree = "<group>"; };
		914F1B5023EB0B7B00AAA0AE /* Forescast.swift */ = {isa = PBXFileReference; lastKnownFileType = sourcecode.swift; path = Forescast.swift; sourceTree = "<group>"; };
		914F1B5223EB0BEB00AAA0AE /* ForecastProvider.swift */ = {isa = PBXFileReference; lastKnownFileType = sourcecode.swift; path = ForecastProvider.swift; sourceTree = "<group>"; };
		91828C8C23EB378D00C32234 /* UIViewController + Storyboard.swift */ = {isa = PBXFileReference; lastKnownFileType = sourcecode.swift; path = "UIViewController + Storyboard.swift"; sourceTree = "<group>"; };
		918F305223E9A9760024605E /* API.swift */ = {isa = PBXFileReference; lastKnownFileType = sourcecode.swift; path = API.swift; sourceTree = "<group>"; };
		91DD5D3823EA157D00DB2E7D /* LocationService.swift */ = {isa = PBXFileReference; lastKnownFileType = sourcecode.swift; path = LocationService.swift; sourceTree = "<group>"; };
		91FCD0E523E87E3B00ED18C8 /* weather.app */ = {isa = PBXFileReference; explicitFileType = wrapper.application; includeInIndex = 0; path = weather.app; sourceTree = BUILT_PRODUCTS_DIR; };
		91FCD0E823E87E3B00ED18C8 /* AppDelegate.swift */ = {isa = PBXFileReference; lastKnownFileType = sourcecode.swift; path = AppDelegate.swift; sourceTree = "<group>"; };
		91FCD0EC23E87E3B00ED18C8 /* WeatherViewController.swift */ = {isa = PBXFileReference; lastKnownFileType = sourcecode.swift; path = WeatherViewController.swift; sourceTree = "<group>"; };
		91FCD0EF23E87E3B00ED18C8 /* Base */ = {isa = PBXFileReference; lastKnownFileType = file.storyboard; name = Base; path = Base.lproj/Main.storyboard; sourceTree = "<group>"; };
		91FCD0F123E87E3C00ED18C8 /* Assets.xcassets */ = {isa = PBXFileReference; lastKnownFileType = folder.assetcatalog; path = Assets.xcassets; sourceTree = "<group>"; };
		91FCD0F423E87E3C00ED18C8 /* Base */ = {isa = PBXFileReference; lastKnownFileType = file.storyboard; name = Base; path = Base.lproj/LaunchScreen.storyboard; sourceTree = "<group>"; };
		91FCD0F623E87E3C00ED18C8 /* Info.plist */ = {isa = PBXFileReference; lastKnownFileType = text.plist.xml; path = Info.plist; sourceTree = "<group>"; };
		A4177C56658017943486D69F /* Pods-weather.debug.xcconfig */ = {isa = PBXFileReference; includeInIndex = 1; lastKnownFileType = text.xcconfig; name = "Pods-weather.debug.xcconfig"; path = "Target Support Files/Pods-weather/Pods-weather.debug.xcconfig"; sourceTree = "<group>"; };
/* End PBXFileReference section */

/* Begin PBXFrameworksBuildPhase section */
		91FCD0E223E87E3B00ED18C8 /* Frameworks */ = {
			isa = PBXFrameworksBuildPhase;
			buildActionMask = 2147483647;
			files = (
				F3D477D693F5ED180F1A15BC /* Pods_weather.framework in Frameworks */,
			);
			runOnlyForDeploymentPostprocessing = 0;
		};
/* End PBXFrameworksBuildPhase section */

/* Begin PBXGroup section */
		71BBB078BDB22DF77F845114 /* Frameworks */ = {
			isa = PBXGroup;
			children = (
				615342A056C0658185C0CA7F /* Pods_weather.framework */,
			);
			name = Frameworks;
			sourceTree = "<group>";
		};
		7566142DCF5AF11BC4B85E88 /* Pods */ = {
			isa = PBXGroup;
			children = (
				A4177C56658017943486D69F /* Pods-weather.debug.xcconfig */,
				1D114CB02F21CE8F54226F97 /* Pods-weather.release.xcconfig */,
			);
			path = Pods;
			sourceTree = "<group>";
		};
		9111E0BD23F20A1600CE4C29 /* TutorialScreen */ = {
			isa = PBXGroup;
			children = (
				9111E0C023F20A3C00CE4C29 /* Controllers */,
			);
			path = TutorialScreen;
			sourceTree = "<group>";
		};
		9111E0C023F20A3C00CE4C29 /* Controllers */ = {
			isa = PBXGroup;
			children = (
				9111E0C123F20A9800CE4C29 /* PageViewController.swift */,
				9111E0BB23F209D400CE4C29 /* TutorialViewController.swift */,
			);
			path = Controllers;
			sourceTree = "<group>";
		};
		91828C8E23EB379700C32234 /* Helpers */ = {
			isa = PBXGroup;
			children = (
				91828C8C23EB378D00C32234 /* UIViewController + Storyboard.swift */,
			);
			path = Helpers;
			sourceTree = "<group>";
		};
		918F304C23E9A7230024605E /* Models */ = {
			isa = PBXGroup;
			children = (
				914F1B5023EB0B7B00AAA0AE /* Forescast.swift */,
				912BAD0023F1D918009522FF /* DailyForecastCellModel.swift */,
			);
			path = Models;
			sourceTree = "<group>";
		};
		918F304D23E9A73B0024605E /* Controllers */ = {
			isa = PBXGroup;
			children = (
				91FCD0EC23E87E3B00ED18C8 /* WeatherViewController.swift */,
				912BACFE23F1D39B009522FF /* DailyForecastTableViewCell.swift */,
			);
			name = Controllers;
			path = "New Group/Controllers";
			sourceTree = "<group>";
		};
		918F304E23E9A7450024605E /* Views */ = {
			isa = PBXGroup;
			children = (
				91FCD0EE23E87E3B00ED18C8 /* Main.storyboard */,
				91FCD0F323E87E3C00ED18C8 /* LaunchScreen.storyboard */,
			);
			path = Views;
			sourceTree = "<group>";
		};
		918F304F23E9A82F0024605E /* Services */ = {
			isa = PBXGroup;
			children = (
				914F1B5223EB0BEB00AAA0AE /* ForecastProvider.swift */,
				91DD5D3823EA157D00DB2E7D /* LocationService.swift */,
				918F305223E9A9760024605E /* API.swift */,
			);
			path = Services;
			sourceTree = "<group>";
		};
		91FCD0DC23E87E3B00ED18C8 = {
			isa = PBXGroup;
			children = (
				91FCD0E723E87E3B00ED18C8 /* weather */,
				91FCD0E623E87E3B00ED18C8 /* Products */,
				7566142DCF5AF11BC4B85E88 /* Pods */,
				71BBB078BDB22DF77F845114 /* Frameworks */,
			);
			sourceTree = "<group>";
		};
		91FCD0E623E87E3B00ED18C8 /* Products */ = {
			isa = PBXGroup;
			children = (
				91FCD0E523E87E3B00ED18C8 /* weather.app */,
			);
			name = Products;
			sourceTree = "<group>";
		};
		91FCD0E723E87E3B00ED18C8 /* weather */ = {
			isa = PBXGroup;
			children = (
				91FCD0E823E87E3B00ED18C8 /* AppDelegate.swift */,
				918F304F23E9A82F0024605E /* Services */,
				918F304C23E9A7230024605E /* Models */,
				918F304E23E9A7450024605E /* Views */,
				918F304D23E9A73B0024605E /* Controllers */,
				9111E0BD23F20A1600CE4C29 /* TutorialScreen */,
				91FCD0F123E87E3C00ED18C8 /* Assets.xcassets */,
				91828C8E23EB379700C32234 /* Helpers */,
				91FCD0F623E87E3C00ED18C8 /* Info.plist */,
			);
			path = weather;
			sourceTree = "<group>";
		};
/* End PBXGroup section */

/* Begin PBXNativeTarget section */
		91FCD0E423E87E3B00ED18C8 /* weather */ = {
			isa = PBXNativeTarget;
			buildConfigurationList = 91FCD0F923E87E3C00ED18C8 /* Build configuration list for PBXNativeTarget "weather" */;
			buildPhases = (
				C28DAFB71DB7349D80698A0C /* [CP] Check Pods Manifest.lock */,
				91FCD0E123E87E3B00ED18C8 /* Sources */,
				91FCD0E223E87E3B00ED18C8 /* Frameworks */,
				91FCD0E323E87E3B00ED18C8 /* Resources */,
				2FB9038DE15E9B34C45FF100 /* [CP] Embed Pods Frameworks */,
			);
			buildRules = (
			);
			dependencies = (
			);
			name = weather;
			productName = weather;
			productReference = 91FCD0E523E87E3B00ED18C8 /* weather.app */;
			productType = "com.apple.product-type.application";
		};
/* End PBXNativeTarget section */

/* Begin PBXProject section */
		91FCD0DD23E87E3B00ED18C8 /* Project object */ = {
			isa = PBXProject;
			attributes = {
				LastSwiftUpdateCheck = 1130;
				LastUpgradeCheck = 1130;
				ORGANIZATIONNAME = "Egor Tereshonok";
				TargetAttributes = {
					91FCD0E423E87E3B00ED18C8 = {
						CreatedOnToolsVersion = 11.3.1;
					};
				};
			};
			buildConfigurationList = 91FCD0E023E87E3B00ED18C8 /* Build configuration list for PBXProject "weather" */;
			compatibilityVersion = "Xcode 9.3";
			developmentRegion = en;
			hasScannedForEncodings = 0;
			knownRegions = (
				en,
				Base,
			);
			mainGroup = 91FCD0DC23E87E3B00ED18C8;
			productRefGroup = 91FCD0E623E87E3B00ED18C8 /* Products */;
			projectDirPath = "";
			projectRoot = "";
			targets = (
				91FCD0E423E87E3B00ED18C8 /* weather */,
			);
		};
/* End PBXProject section */

/* Begin PBXResourcesBuildPhase section */
		91FCD0E323E87E3B00ED18C8 /* Resources */ = {
			isa = PBXResourcesBuildPhase;
			buildActionMask = 2147483647;
			files = (
				91FCD0F523E87E3C00ED18C8 /* LaunchScreen.storyboard in Resources */,
				91FCD0F223E87E3C00ED18C8 /* Assets.xcassets in Resources */,
				91FCD0F023E87E3B00ED18C8 /* Main.storyboard in Resources */,
			);
			runOnlyForDeploymentPostprocessing = 0;
		};
/* End PBXResourcesBuildPhase section */

/* Begin PBXShellScriptBuildPhase section */
		2FB9038DE15E9B34C45FF100 /* [CP] Embed Pods Frameworks */ = {
			isa = PBXShellScriptBuildPhase;
			buildActionMask = 2147483647;
			files = (
			);
			inputFileListPaths = (
				"${PODS_ROOT}/Target Support Files/Pods-weather/Pods-weather-frameworks-${CONFIGURATION}-input-files.xcfilelist",
			);
			name = "[CP] Embed Pods Frameworks";
			outputFileListPaths = (
				"${PODS_ROOT}/Target Support Files/Pods-weather/Pods-weather-frameworks-${CONFIGURATION}-output-files.xcfilelist",
			);
			runOnlyForDeploymentPostprocessing = 0;
			shellPath = /bin/sh;
			shellScript = "\"${PODS_ROOT}/Target Support Files/Pods-weather/Pods-weather-frameworks.sh\"\n";
			showEnvVarsInLog = 0;
		};
		C28DAFB71DB7349D80698A0C /* [CP] Check Pods Manifest.lock */ = {
			isa = PBXShellScriptBuildPhase;
			buildActionMask = 2147483647;
			files = (
			);
			inputFileListPaths = (
			);
			inputPaths = (
				"${PODS_PODFILE_DIR_PATH}/Podfile.lock",
				"${PODS_ROOT}/Manifest.lock",
			);
			name = "[CP] Check Pods Manifest.lock";
			outputFileListPaths = (
			);
			outputPaths = (
				"$(DERIVED_FILE_DIR)/Pods-weather-checkManifestLockResult.txt",
			);
			runOnlyForDeploymentPostprocessing = 0;
			shellPath = /bin/sh;
			shellScript = "diff \"${PODS_PODFILE_DIR_PATH}/Podfile.lock\" \"${PODS_ROOT}/Manifest.lock\" > /dev/null\nif [ $? != 0 ] ; then\n    # print error to STDERR\n    echo \"error: The sandbox is not in sync with the Podfile.lock. Run 'pod install' or update your CocoaPods installation.\" >&2\n    exit 1\nfi\n# This output is used by Xcode 'outputs' to avoid re-running this script phase.\necho \"SUCCESS\" > \"${SCRIPT_OUTPUT_FILE_0}\"\n";
			showEnvVarsInLog = 0;
		};
/* End PBXShellScriptBuildPhase section */

/* Begin PBXSourcesBuildPhase section */
		91FCD0E123E87E3B00ED18C8 /* Sources */ = {
			isa = PBXSourcesBuildPhase;
			buildActionMask = 2147483647;
			files = (
				912BACFF23F1D39B009522FF /* DailyForecastTableViewCell.swift in Sources */,
				914F1B5123EB0B7B00AAA0AE /* Forescast.swift in Sources */,
				9111E0C223F20A9800CE4C29 /* PageViewController.swift in Sources */,
				91FCD0ED23E87E3B00ED18C8 /* WeatherViewController.swift in Sources */,
				91DD5D3923EA157D00DB2E7D /* LocationService.swift in Sources */,
				918F305323E9A9760024605E /* API.swift in Sources */,
				914F1B5323EB0BEB00AAA0AE /* ForecastProvider.swift in Sources */,
				912BAD0123F1D918009522FF /* DailyForecastCellModel.swift in Sources */,
				91FCD0E923E87E3B00ED18C8 /* AppDelegate.swift in Sources */,
				9111E0BC23F209D400CE4C29 /* TutorialViewController.swift in Sources */,
				91828C8D23EB378D00C32234 /* UIViewController + Storyboard.swift in Sources */,
			);
			runOnlyForDeploymentPostprocessing = 0;
		};
/* End PBXSourcesBuildPhase section */

/* Begin PBXVariantGroup section */
		91FCD0EE23E87E3B00ED18C8 /* Main.storyboard */ = {
			isa = PBXVariantGroup;
			children = (
				91FCD0EF23E87E3B00ED18C8 /* Base */,
			);
			name = Main.storyboard;
			sourceTree = "<group>";
		};
		91FCD0F323E87E3C00ED18C8 /* LaunchScreen.storyboard */ = {
			isa = PBXVariantGroup;
			children = (
				91FCD0F423E87E3C00ED18C8 /* Base */,
			);
			name = LaunchScreen.storyboard;
			sourceTree = "<group>";
		};
/* End PBXVariantGroup section */

/* Begin XCBuildConfiguration section */
		91FCD0F723E87E3C00ED18C8 /* Debug */ = {
			isa = XCBuildConfiguration;
			buildSettings = {
				ALWAYS_SEARCH_USER_PATHS = NO;
				CLANG_ANALYZER_NONNULL = YES;
				CLANG_ANALYZER_NUMBER_OBJECT_CONVERSION = YES_AGGRESSIVE;
				CLANG_CXX_LANGUAGE_STANDARD = "gnu++14";
				CLANG_CXX_LIBRARY = "libc++";
				CLANG_ENABLE_MODULES = YES;
				CLANG_ENABLE_OBJC_ARC = YES;
				CLANG_ENABLE_OBJC_WEAK = YES;
				CLANG_WARN_BLOCK_CAPTURE_AUTORELEASING = YES;
				CLANG_WARN_BOOL_CONVERSION = YES;
				CLANG_WARN_COMMA = YES;
				CLANG_WARN_CONSTANT_CONVERSION = YES;
				CLANG_WARN_DEPRECATED_OBJC_IMPLEMENTATIONS = YES;
				CLANG_WARN_DIRECT_OBJC_ISA_USAGE = YES_ERROR;
				CLANG_WARN_DOCUMENTATION_COMMENTS = YES;
				CLANG_WARN_EMPTY_BODY = YES;
				CLANG_WARN_ENUM_CONVERSION = YES;
				CLANG_WARN_INFINITE_RECURSION = YES;
				CLANG_WARN_INT_CONVERSION = YES;
				CLANG_WARN_NON_LITERAL_NULL_CONVERSION = YES;
				CLANG_WARN_OBJC_IMPLICIT_RETAIN_SELF = YES;
				CLANG_WARN_OBJC_LITERAL_CONVERSION = YES;
				CLANG_WARN_OBJC_ROOT_CLASS = YES_ERROR;
				CLANG_WARN_RANGE_LOOP_ANALYSIS = YES;
				CLANG_WARN_STRICT_PROTOTYPES = YES;
				CLANG_WARN_SUSPICIOUS_MOVE = YES;
				CLANG_WARN_UNGUARDED_AVAILABILITY = YES_AGGRESSIVE;
				CLANG_WARN_UNREACHABLE_CODE = YES;
				CLANG_WARN__DUPLICATE_METHOD_MATCH = YES;
				COPY_PHASE_STRIP = NO;
				DEBUG_INFORMATION_FORMAT = dwarf;
				ENABLE_STRICT_OBJC_MSGSEND = YES;
				ENABLE_TESTABILITY = YES;
				GCC_C_LANGUAGE_STANDARD = gnu11;
				GCC_DYNAMIC_NO_PIC = NO;
				GCC_NO_COMMON_BLOCKS = YES;
				GCC_OPTIMIZATION_LEVEL = 0;
				GCC_PREPROCESSOR_DEFINITIONS = (
					"DEBUG=1",
					"$(inherited)",
				);
				GCC_WARN_64_TO_32_BIT_CONVERSION = YES;
				GCC_WARN_ABOUT_RETURN_TYPE = YES_ERROR;
				GCC_WARN_UNDECLARED_SELECTOR = YES;
				GCC_WARN_UNINITIALIZED_AUTOS = YES_AGGRESSIVE;
				GCC_WARN_UNUSED_FUNCTION = YES;
				GCC_WARN_UNUSED_VARIABLE = YES;
				IPHONEOS_DEPLOYMENT_TARGET = 13.2;
				MTL_ENABLE_DEBUG_INFO = INCLUDE_SOURCE;
				MTL_FAST_MATH = YES;
				ONLY_ACTIVE_ARCH = YES;
				SDKROOT = iphoneos;
				SWIFT_ACTIVE_COMPILATION_CONDITIONS = DEBUG;
				SWIFT_OPTIMIZATION_LEVEL = "-Onone";
			};
			name = Debug;
		};
		91FCD0F823E87E3C00ED18C8 /* Release */ = {
			isa = XCBuildConfiguration;
			buildSettings = {
				ALWAYS_SEARCH_USER_PATHS = NO;
				CLANG_ANALYZER_NONNULL = YES;
				CLANG_ANALYZER_NUMBER_OBJECT_CONVERSION = YES_AGGRESSIVE;
				CLANG_CXX_LANGUAGE_STANDARD = "gnu++14";
				CLANG_CXX_LIBRARY = "libc++";
				CLANG_ENABLE_MODULES = YES;
				CLANG_ENABLE_OBJC_ARC = YES;
				CLANG_ENABLE_OBJC_WEAK = YES;
				CLANG_WARN_BLOCK_CAPTURE_AUTORELEASING = YES;
				CLANG_WARN_BOOL_CONVERSION = YES;
				CLANG_WARN_COMMA = YES;
				CLANG_WARN_CONSTANT_CONVERSION = YES;
				CLANG_WARN_DEPRECATED_OBJC_IMPLEMENTATIONS = YES;
				CLANG_WARN_DIRECT_OBJC_ISA_USAGE = YES_ERROR;
				CLANG_WARN_DOCUMENTATION_COMMENTS = YES;
				CLANG_WARN_EMPTY_BODY = YES;
				CLANG_WARN_ENUM_CONVERSION = YES;
				CLANG_WARN_INFINITE_RECURSION = YES;
				CLANG_WARN_INT_CONVERSION = YES;
				CLANG_WARN_NON_LITERAL_NULL_CONVERSION = YES;
				CLANG_WARN_OBJC_IMPLICIT_RETAIN_SELF = YES;
				CLANG_WARN_OBJC_LITERAL_CONVERSION = YES;
				CLANG_WARN_OBJC_ROOT_CLASS = YES_ERROR;
				CLANG_WARN_RANGE_LOOP_ANALYSIS = YES;
				CLANG_WARN_STRICT_PROTOTYPES = YES;
				CLANG_WARN_SUSPICIOUS_MOVE = YES;
				CLANG_WARN_UNGUARDED_AVAILABILITY = YES_AGGRESSIVE;
				CLANG_WARN_UNREACHABLE_CODE = YES;
				CLANG_WARN__DUPLICATE_METHOD_MATCH = YES;
				COPY_PHASE_STRIP = NO;
				DEBUG_INFORMATION_FORMAT = "dwarf-with-dsym";
				ENABLE_NS_ASSERTIONS = NO;
				ENABLE_STRICT_OBJC_MSGSEND = YES;
				GCC_C_LANGUAGE_STANDARD = gnu11;
				GCC_NO_COMMON_BLOCKS = YES;
				GCC_WARN_64_TO_32_BIT_CONVERSION = YES;
				GCC_WARN_ABOUT_RETURN_TYPE = YES_ERROR;
				GCC_WARN_UNDECLARED_SELECTOR = YES;
				GCC_WARN_UNINITIALIZED_AUTOS = YES_AGGRESSIVE;
				GCC_WARN_UNUSED_FUNCTION = YES;
				GCC_WARN_UNUSED_VARIABLE = YES;
				IPHONEOS_DEPLOYMENT_TARGET = 13.2;
				MTL_ENABLE_DEBUG_INFO = NO;
				MTL_FAST_MATH = YES;
				SDKROOT = iphoneos;
				SWIFT_COMPILATION_MODE = wholemodule;
				SWIFT_OPTIMIZATION_LEVEL = "-O";
				VALIDATE_PRODUCT = YES;
			};
			name = Release;
		};
		91FCD0FA23E87E3C00ED18C8 /* Debug */ = {
			isa = XCBuildConfiguration;
			baseConfigurationReference = A4177C56658017943486D69F /* Pods-weather.debug.xcconfig */;
			buildSettings = {
				ASSETCATALOG_COMPILER_APPICON_NAME = AppIcon;
				CODE_SIGN_STYLE = Automatic;
				DEVELOPMENT_TEAM = 3379Y22T2W;
				INFOPLIST_FILE = weather/Info.plist;
				IPHONEOS_DEPLOYMENT_TARGET = 13.0;
				LD_RUNPATH_SEARCH_PATHS = (
					"$(inherited)",
					"@executable_path/Frameworks",
				);
				PRODUCT_BUNDLE_IDENTIFIER = "Egor-Tereshonok.weather";
				PRODUCT_NAME = "$(TARGET_NAME)";
				SWIFT_VERSION = 5.0;
				TARGETED_DEVICE_FAMILY = "1,2";
			};
			name = Debug;
		};
		91FCD0FB23E87E3C00ED18C8 /* Release */ = {
			isa = XCBuildConfiguration;
			baseConfigurationReference = 1D114CB02F21CE8F54226F97 /* Pods-weather.release.xcconfig */;
			buildSettings = {
				ASSETCATALOG_COMPILER_APPICON_NAME = AppIcon;
				CODE_SIGN_STYLE = Automatic;
				DEVELOPMENT_TEAM = 3379Y22T2W;
				INFOPLIST_FILE = weather/Info.plist;
				IPHONEOS_DEPLOYMENT_TARGET = 13.0;
				LD_RUNPATH_SEARCH_PATHS = (
					"$(inherited)",
					"@executable_path/Frameworks",
				);
				PRODUCT_BUNDLE_IDENTIFIER = "Egor-Tereshonok.weather";
				PRODUCT_NAME = "$(TARGET_NAME)";
				SWIFT_VERSION = 5.0;
				TARGETED_DEVICE_FAMILY = "1,2";
			};
			name = Release;
		};
/* End XCBuildConfiguration section */

/* Begin XCConfigurationList section */
		91FCD0E023E87E3B00ED18C8 /* Build configuration list for PBXProject "weather" */ = {
			isa = XCConfigurationList;
			buildConfigurations = (
				91FCD0F723E87E3C00ED18C8 /* Debug */,
				91FCD0F823E87E3C00ED18C8 /* Release */,
			);
			defaultConfigurationIsVisible = 0;
			defaultConfigurationName = Release;
		};
		91FCD0F923E87E3C00ED18C8 /* Build configuration list for PBXNativeTarget "weather" */ = {
			isa = XCConfigurationList;
			buildConfigurations = (
				91FCD0FA23E87E3C00ED18C8 /* Debug */,
				91FCD0FB23E87E3C00ED18C8 /* Release */,
			);
			defaultConfigurationIsVisible = 0;
			defaultConfigurationName = Release;
		};
/* End XCConfigurationList section */
	};
	rootObject = 91FCD0DD23E87E3B00ED18C8 /* Project object */;
}
